dependencies:
  bblanchon/arduinojson:
    component_hash: 5e6aff2bc5bc988b36c8e90c01e637495ee895ad3af93911860c21ec6da79b6a
    dependencies: []
    source:
      registry_url: https://components.espressif.com/
      type: service
    version: 7.4.3
  espressif/esp_modem:
    component_hash: f4fa6dab2496af2673a68881132bb7ce0f05bf62e30e5bd0d45b607066378a28
    dependencies:
    - name: idf
      require: private
      version: '>=4.1'
    source:
      registry_url: https://components.espressif.com/
      type: service
    version: 2.0.1
  espressif/mqtt:
    component_hash: ffdad5659706b4dc14bc63f8eb73ef765efa015bf7e9adf71c813d52a2dc9342
    dependencies:
    - name: idf
      require: private
      version: '>=5.3'
    source:
      registry_url: https://components.espressif.com/
      type: service
    version: 1.0.0
  idf:
    source:
      type: idf
    version: 5.5.2
  joltwallet/littlefs:
    component_hash: dcea25bcef2de023f089f5f01e8d8c46ad1b8ffef75861ad5ffb4098555839df
    dependencies:
    - name: idf
      require: private
      version: '>=5.0'
    source:
      registry_url: https://components.espressif.com/
      type: service
    version: 1.20.4
direct_dependencies:
- bblanchon/arduinojson
- espressif/esp_modem
- espressif/mqtt
- idf
- joltwallet/littlefs
manifest_hash: 9fa354689966b7f958058f82ab8f98283d2a7b4da8ef8a8ad19f69bbf556c827
target: esp32
version: 2.0.0
